{
    "_meta": {
        "hash": {
            "sha256": "fcabf8d91df61e6c67261b76b4b19e3f9b55eb027b173b9c996107d1394b5d0d"
        },
        "pipfile-spec": 6,
        "requires": {},
        "sources": [
            {
                "name": "pypi",
                "url": "https://pypi.org/simple",
                "verify_ssl": true
            }
        ]
    },
    "default": {
        "container-runtime-interface-api": {
            "editable": true,
            "markers": "python_version >= '3.8'",
            "path": "."
        },
        "grpcio": {
            "hashes": [
                "sha256:03b43d0ccf99c557ec671c7dede64f023c7da9bb632ac65dbc57f166e4970040",
                "sha256:0a12ddb1678ebc6a84ec6b0487feac020ee2b1659cbe69b80f06dbffdb249122",
                "sha256:0a2813093ddb27418a4c99f9b1c223fab0b053157176a64cc9db0f4557b69bd9",
                "sha256:0cc79c982ccb2feec8aad0e8fb0d168bcbca85bc77b080d0d3c5f2f15c24ea8f",
                "sha256:1257b76748612aca0f89beec7fa0615727fd6f2a1ad580a9638816a4b2eb18fd",
                "sha256:1262402af5a511c245c3ae918167eca57342c72320dffae5d9b51840c4b2f86d",
                "sha256:19264fc964576ddb065368cae953f8d0514ecc6cb3da8903766d9fb9d4554c33",
                "sha256:198908f9b22e2672a998870355e226a725aeab327ac4e6ff3a1399792ece4762",
                "sha256:1de403fc1305fd96cfa75e83be3dee8538f2413a6b1685b8452301c7ba33c294",
                "sha256:20405cb8b13fd779135df23fabadc53b86522d0f1cba8cca0e87968587f50650",
                "sha256:2981c7365a9353f9b5c864595c510c983251b1ab403e05b1ccc70a3d9541a73b",
                "sha256:2c3c1b90ab93fed424e454e93c0ed0b9d552bdf1b0929712b094f5ecfe7a23ad",
                "sha256:39b9d0acaa8d835a6566c640f48b50054f422d03e77e49716d4c4e8e279665a1",
                "sha256:3b64ae304c175671efdaa7ec9ae2cc36996b681eb63ca39c464958396697daff",
                "sha256:4657d24c8063e6095f850b68f2d1ba3b39f2b287a38242dcabc166453e950c59",
                "sha256:4d6dab6124225496010bd22690f2d9bd35c7cbb267b3f14e7a3eb05c911325d4",
                "sha256:55260032b95c49bee69a423c2f5365baa9369d2f7d233e933564d8a47b893027",
                "sha256:55697ecec192bc3f2f3cc13a295ab670f51de29884ca9ae6cd6247df55df2502",
                "sha256:5841dd1f284bd1b3d8a6eca3a7f062b06f1eec09b184397e1d1d43447e89a7ae",
                "sha256:58b1041e7c870bb30ee41d3090cbd6f0851f30ae4eb68228955d973d3efa2e61",
                "sha256:5e42634a989c3aa6049f132266faf6b949ec2a6f7d302dbb5c15395b77d757eb",
                "sha256:5e56462b05a6f860b72f0fa50dca06d5b26543a4e88d0396259a07dc30f4e5aa",
                "sha256:5f8b75f64d5d324c565b263c67dbe4f0af595635bbdd93bb1a88189fc62ed2e5",
                "sha256:62b4e6eb7bf901719fce0ca83e3ed474ae5022bb3827b0a501e056458c51c0a1",
                "sha256:6503b64c8b2dfad299749cad1b595c650c91e5b2c8a1b775380fcf8d2cbba1e9",
                "sha256:6c024ffc22d6dc59000faf8ad781696d81e8e38f4078cb0f2630b4a3cf231a90",
                "sha256:73819689c169417a4f978e562d24f2def2be75739c4bed1992435d007819da1b",
                "sha256:75dbbf415026d2862192fe1b28d71f209e2fd87079d98470db90bebe57b33179",
                "sha256:8caee47e970b92b3dd948371230fcceb80d3f2277b3bf7fbd7c0564e7d39068e",
                "sha256:8d51dd1c59d5fa0f34266b80a3805ec29a1f26425c2a54736133f6d87fc4968a",
                "sha256:940e3ec884520155f68a3b712d045e077d61c520a195d1a5932c531f11883489",
                "sha256:a011ac6c03cfe162ff2b727bcb530567826cec85eb8d4ad2bfb4bd023287a52d",
                "sha256:a3a035c37ce7565b8f4f35ff683a4db34d24e53dc487e47438e434eb3f701b2a",
                "sha256:a5e771d0252e871ce194d0fdcafd13971f1aae0ddacc5f25615030d5df55c3a2",
                "sha256:ac15b6c2c80a4d1338b04d42a02d376a53395ddf0ec9ab157cbaf44191f3ffdd",
                "sha256:b1a82e0b9b3022799c336e1fc0f6210adc019ae84efb7321d668129d28ee1efb",
                "sha256:bac71b4b28bc9af61efcdc7630b166440bbfbaa80940c9a697271b5e1dabbc61",
                "sha256:bbc5b1d78a7822b0a84c6f8917faa986c1a744e65d762ef6d8be9d75677af2ca",
                "sha256:c1a786ac592b47573a5bb7e35665c08064a5d77ab88a076eec11f8ae86b3e3f6",
                "sha256:c84ad903d0d94311a2b7eea608da163dace97c5fe9412ea311e72c3684925602",
                "sha256:d4d29cc612e1332237877dfa7fe687157973aab1d63bd0f84cf06692f04c0367",
                "sha256:e3d9f8d1221baa0ced7ec7322a981e28deb23749c76eeeb3d33e18b72935ab62",
                "sha256:e7cd5c1325f6808b8ae31657d281aadb2a51ac11ab081ae335f4f7fc44c1721d",
                "sha256:ed6091fa0adcc7e4ff944090cf203a52da35c37a130efa564ded02b7aff63bcd",
                "sha256:ee73a2f5ca4ba44fa33b4d7d2c71e2c8a9e9f78d53f6507ad68e7d2ad5f64a22",
                "sha256:f10193c69fc9d3d726e83bbf0f3d316f1847c3071c8c93d8090cf5f326b14309"
            ],
            "markers": "python_version >= '3.8'",
            "version": "==1.64.1"
        },
        "protobuf": {
            "hashes": [
                "sha256:19b270aeaa0099f16d3ca02628546b8baefe2955bbe23224aaf856134eccf1e4",
                "sha256:209ba4cc916bab46f64e56b85b090607a676f66b473e6b762e6f1d9d591eb2e8",
                "sha256:25b5d0b42fd000320bd7830b349e3b696435f3b329810427a6bcce6a5492cc5c",
                "sha256:7c8daa26095f82482307bc717364e7c13f4f1c99659be82890dcfc215194554d",
                "sha256:c053062984e61144385022e53678fbded7aea14ebb3e0305ae3592fb219ccfa4",
                "sha256:d4198877797a83cbfe9bffa3803602bbe1625dc30d8a097365dbc762e5790faa",
                "sha256:e3c97a1555fd6388f857770ff8b9703083de6bf1f9274a002a332d65fbb56c8c",
                "sha256:e7cb0ae90dd83727f0c0718634ed56837bfeeee29a5f82a7514c03ee1364c019",
                "sha256:f0700d54bcf45424477e46a9f0944155b46fb0639d69728739c0e47bab83f2b9",
                "sha256:f1279ab38ecbfae7e456a108c5c0681e4956d5b1090027c1de0f934dfdb4b35c",
                "sha256:f4f118245c4a087776e0a8408be33cf09f6c547442c00395fbfb116fac2f8ac2"
            ],
            "markers": "python_version >= '3.8'",
            "version": "==4.25.3"
        }
    },
    "develop": {
        "backports.tarfile": {
            "hashes": [
                "sha256:77e284d754527b01fb1e6fa8a1afe577858ebe4e9dad8919e34c862cb399bc34",
                "sha256:d75e02c268746e1b8144c278978b6e98e85de6ad16f8e4b0844a154557eca991"
            ],
            "markers": "python_version < '3.12'",
            "version": "==1.2.0"
        },
        "build": {
            "hashes": [
                "sha256:526263f4870c26f26c433545579475377b2b7588b6f1eac76a001e873ae3e19d",
                "sha256:75e10f767a433d9a86e50d83f418e83efc18ede923ee5ff7df93b6cb0306c5d4"
            ],
            "index": "pypi",
            "markers": "python_version >= '3.8'",
            "version": "==1.2.1"
        },
        "certifi": {
            "hashes": [
                "sha256:5a1e7645bc0ec61a09e26c36f6106dd4cf40c6db3a1fb6352b0244e7fb057c7b",
                "sha256:c198e21b1289c2ab85ee4e67bb4b4ef3ead0892059901a8d5b622f24a1101e90"
            ],
            "markers": "python_version >= '3.6'",
            "version": "==2024.7.4"
        },
        "charset-normalizer": {
            "hashes": [
                "sha256:06435b539f889b1f6f4ac1758871aae42dc3a8c0e24ac9e60c2384973ad73027",
                "sha256:06a81e93cd441c56a9b65d8e1d043daeb97a3d0856d177d5c90ba85acb3db087",
                "sha256:0a55554a2fa0d408816b3b5cedf0045f4b8e1a6065aec45849de2d6f3f8e9786",
                "sha256:0b2b64d2bb6d3fb9112bafa732def486049e63de9618b5843bcdd081d8144cd8",
                "sha256:10955842570876604d404661fbccbc9c7e684caf432c09c715ec38fbae45ae09",
                "sha256:122c7fa62b130ed55f8f285bfd56d5f4b4a5b503609d181f9ad85e55c89f4185",
                "sha256:1ceae2f17a9c33cb48e3263960dc5fc8005351ee19db217e9b1bb15d28c02574",
                "sha256:1d3193f4a680c64b4b6a9115943538edb896edc190f0b222e73761716519268e",
                "sha256:1f79682fbe303db92bc2b1136016a38a42e835d932bab5b3b1bfcfbf0640e519",
                "sha256:2127566c664442652f024c837091890cb1942c30937add288223dc895793f898",
                "sha256:22afcb9f253dac0696b5a4be4a1c0f8762f8239e21b99680099abd9b2b1b2269",
                "sha256:25baf083bf6f6b341f4121c2f3c548875ee6f5339300e08be3f2b2ba1721cdd3",
                "sha256:2e81c7b9c8979ce92ed306c249d46894776a909505d8f5a4ba55b14206e3222f",
                "sha256:3287761bc4ee9e33561a7e058c72ac0938c4f57fe49a09eae428fd88aafe7bb6",
                "sha256:34d1c8da1e78d2e001f363791c98a272bb734000fcef47a491c1e3b0505657a8",
                "sha256:37e55c8e51c236f95b033f6fb391d7d7970ba5fe7ff453dad675e88cf303377a",
                "sha256:3d47fa203a7bd9c5b6cee4736ee84ca03b8ef23193c0d1ca99b5089f72645c73",
                "sha256:3e4d1f6587322d2788836a99c69062fbb091331ec940e02d12d179c1d53e25fc",
                "sha256:42cb296636fcc8b0644486d15c12376cb9fa75443e00fb25de0b8602e64c1714",
                "sha256:45485e01ff4d3630ec0d9617310448a8702f70e9c01906b0d0118bdf9d124cf2",
                "sha256:4a78b2b446bd7c934f5dcedc588903fb2f5eec172f3d29e52a9096a43722adfc",
                "sha256:4ab2fe47fae9e0f9dee8c04187ce5d09f48eabe611be8259444906793ab7cbce",
                "sha256:4d0d1650369165a14e14e1e47b372cfcb31d6ab44e6e33cb2d4e57265290044d",
                "sha256:549a3a73da901d5bc3ce8d24e0600d1fa85524c10287f6004fbab87672bf3e1e",
                "sha256:55086ee1064215781fff39a1af09518bc9255b50d6333f2e4c74ca09fac6a8f6",
                "sha256:572c3763a264ba47b3cf708a44ce965d98555f618ca42c926a9c1616d8f34269",
                "sha256:573f6eac48f4769d667c4442081b1794f52919e7edada77495aaed9236d13a96",
                "sha256:5b4c145409bef602a690e7cfad0a15a55c13320ff7a3ad7ca59c13bb8ba4d45d",
                "sha256:6463effa3186ea09411d50efc7d85360b38d5f09b870c48e4600f63af490e56a",
                "sha256:65f6f63034100ead094b8744b3b97965785388f308a64cf8d7c34f2f2e5be0c4",
                "sha256:663946639d296df6a2bb2aa51b60a2454ca1cb29835324c640dafb5ff2131a77",
                "sha256:6897af51655e3691ff853668779c7bad41579facacf5fd7253b0133308cf000d",
                "sha256:68d1f8a9e9e37c1223b656399be5d6b448dea850bed7d0f87a8311f1ff3dabb0",
                "sha256:6ac7ffc7ad6d040517be39eb591cac5ff87416c2537df6ba3cba3bae290c0fed",
                "sha256:6b3251890fff30ee142c44144871185dbe13b11bab478a88887a639655be1068",
                "sha256:6c4caeef8fa63d06bd437cd4bdcf3ffefe6738fb1b25951440d80dc7df8c03ac",
                "sha256:6ef1d82a3af9d3eecdba2321dc1b3c238245d890843e040e41e470ffa64c3e25",
                "sha256:753f10e867343b4511128c6ed8c82f7bec3bd026875576dfd88483c5c73b2fd8",
                "sha256:7cd13a2e3ddeed6913a65e66e94b51d80a041145a026c27e6bb76c31a853c6ab",
                "sha256:7ed9e526742851e8d5cc9e6cf41427dfc6068d4f5a3bb03659444b4cabf6bc26",
                "sha256:7f04c839ed0b6b98b1a7501a002144b76c18fb1c1850c8b98d458ac269e26ed2",
                "sha256:802fe99cca7457642125a8a88a084cef28ff0cf9407060f7b93dca5aa25480db",
                "sha256:80402cd6ee291dcb72644d6eac93785fe2c8b9cb30893c1af5b8fdd753b9d40f",
                "sha256:8465322196c8b4d7ab6d1e049e4c5cb460d0394da4a27d23cc242fbf0034b6b5",
                "sha256:86216b5cee4b06df986d214f664305142d9c76df9b6512be2738aa72a2048f99",
                "sha256:87d1351268731db79e0f8e745d92493ee2841c974128ef629dc518b937d9194c",
                "sha256:8bdb58ff7ba23002a4c5808d608e4e6c687175724f54a5dade5fa8c67b604e4d",
                "sha256:8c622a5fe39a48f78944a87d4fb8a53ee07344641b0562c540d840748571b811",
                "sha256:8d756e44e94489e49571086ef83b2bb8ce311e730092d2c34ca8f7d925cb20aa",
                "sha256:8f4a014bc36d3c57402e2977dada34f9c12300af536839dc38c0beab8878f38a",
                "sha256:9063e24fdb1e498ab71cb7419e24622516c4a04476b17a2dab57e8baa30d6e03",
                "sha256:90d558489962fd4918143277a773316e56c72da56ec7aa3dc3dbbe20fdfed15b",
                "sha256:923c0c831b7cfcb071580d3f46c4baf50f174be571576556269530f4bbd79d04",
                "sha256:95f2a5796329323b8f0512e09dbb7a1860c46a39da62ecb2324f116fa8fdc85c",
                "sha256:96b02a3dc4381e5494fad39be677abcb5e6634bf7b4fa83a6dd3112607547001",
                "sha256:9f96df6923e21816da7e0ad3fd47dd8f94b2a5ce594e00677c0013018b813458",
                "sha256:a10af20b82360ab00827f916a6058451b723b4e65030c5a18577c8b2de5b3389",
                "sha256:a50aebfa173e157099939b17f18600f72f84eed3049e743b68ad15bd69b6bf99",
                "sha256:a981a536974bbc7a512cf44ed14938cf01030a99e9b3a06dd59578882f06f985",
                "sha256:a9a8e9031d613fd2009c182b69c7b2c1ef8239a0efb1df3f7c8da66d5dd3d537",
                "sha256:ae5f4161f18c61806f411a13b0310bea87f987c7d2ecdbdaad0e94eb2e404238",
                "sha256:aed38f6e4fb3f5d6bf81bfa990a07806be9d83cf7bacef998ab1a9bd660a581f",
                "sha256:b01b88d45a6fcb69667cd6d2f7a9aeb4bf53760d7fc536bf679ec94fe9f3ff3d",
                "sha256:b261ccdec7821281dade748d088bb6e9b69e6d15b30652b74cbbac25e280b796",
                "sha256:b2b0a0c0517616b6869869f8c581d4eb2dd83a4d79e0ebcb7d373ef9956aeb0a",
                "sha256:b4a23f61ce87adf89be746c8a8974fe1c823c891d8f86eb218bb957c924bb143",
                "sha256:bd8f7df7d12c2db9fab40bdd87a7c09b1530128315d047a086fa3ae3435cb3a8",
                "sha256:beb58fe5cdb101e3a055192ac291b7a21e3b7ef4f67fa1d74e331a7f2124341c",
                "sha256:c002b4ffc0be611f0d9da932eb0f704fe2602a9a949d1f738e4c34c75b0863d5",
                "sha256:c083af607d2515612056a31f0a8d9e0fcb5876b7bfc0abad3ecd275bc4ebc2d5",
                "sha256:c180f51afb394e165eafe4ac2936a14bee3eb10debc9d9e4db8958fe36afe711",
                "sha256:c235ebd9baae02f1b77bcea61bce332cb4331dc3617d254df3323aa01ab47bd4",
                "sha256:cd70574b12bb8a4d2aaa0094515df2463cb429d8536cfb6c7ce983246983e5a6",
                "sha256:d0eccceffcb53201b5bfebb52600a5fb483a20b61da9dbc885f8b103cbe7598c",
                "sha256:d965bba47ddeec8cd560687584e88cf699fd28f192ceb452d1d7ee807c5597b7",
                "sha256:db364eca23f876da6f9e16c9da0df51aa4f104a972735574842618b8c6d999d4",
                "sha256:ddbb2551d7e0102e7252db79ba445cdab71b26640817ab1e3e3648dad515003b",
                "sha256:deb6be0ac38ece9ba87dea880e438f25ca3eddfac8b002a2ec3d9183a454e8ae",
                "sha256:e06ed3eb3218bc64786f7db41917d4e686cc4856944f53d5bdf83a6884432e12",
                "sha256:e27ad930a842b4c5eb8ac0016b0a54f5aebbe679340c26101df33424142c143c",
                "sha256:e537484df0d8f426ce2afb2d0f8e1c3d0b114b83f8850e5f2fbea0e797bd82ae",
                "sha256:eb00ed941194665c332bf8e078baf037d6c35d7c4f3102ea2d4f16ca94a26dc8",
                "sha256:eb6904c354526e758fda7167b33005998fb68c46fbc10e013ca97f21ca5c8887",
                "sha256:eb8821e09e916165e160797a6c17edda0679379a4be5c716c260e836e122f54b",
                "sha256:efcb3f6676480691518c177e3b465bcddf57cea040302f9f4e6e191af91174d4",
                "sha256:f27273b60488abe721a075bcca6d7f3964f9f6f067c8c4c605743023d7d3944f",
                "sha256:f30c3cb33b24454a82faecaf01b19c18562b1e89558fb6c56de4d9118a032fd5",
                "sha256:fb69256e180cb6c8a894fee62b3afebae785babc1ee98b81cdf68bbca1987f33",
                "sha256:fd1abc0d89e30cc4e02e4064dc67fcc51bd941eb395c502aac3ec19fab46b519",
                "sha256:ff8fa367d09b717b2a17a052544193ad76cd49979c805768879cb63d9ca50561"
            ],
            "markers": "python_full_version >= '3.7.0'",
            "version": "==3.3.2"
        },
        "docutils": {
            "hashes": [
                "sha256:3a6b18732edf182daa3cd12775bbb338cf5691468f91eeeb109deff6ebfa986f",
                "sha256:dafca5b9e384f0e419294eb4d2ff9fa826435bf15f15b7bd45723e8ad76811b2"
            ],
            "markers": "python_version >= '3.9'",
            "version": "==0.21.2"
        },
        "exceptiongroup": {
            "hashes": [
                "sha256:5258b9ed329c5bbdd31a309f53cbfb0b155341807f6ff7606a1e801a891b29ad",
                "sha256:a4785e48b045528f5bfe627b6ad554ff32def154f42372786903b7abcfe1aa16"
            ],
            "index": "pypi",
            "markers": "python_version >= '3.7'",
            "version": "==1.2.1"
        },
        "grpcio": {
            "hashes": [
                "sha256:03b43d0ccf99c557ec671c7dede64f023c7da9bb632ac65dbc57f166e4970040",
                "sha256:0a12ddb1678ebc6a84ec6b0487feac020ee2b1659cbe69b80f06dbffdb249122",
                "sha256:0a2813093ddb27418a4c99f9b1c223fab0b053157176a64cc9db0f4557b69bd9",
                "sha256:0cc79c982ccb2feec8aad0e8fb0d168bcbca85bc77b080d0d3c5f2f15c24ea8f",
                "sha256:1257b76748612aca0f89beec7fa0615727fd6f2a1ad580a9638816a4b2eb18fd",
                "sha256:1262402af5a511c245c3ae918167eca57342c72320dffae5d9b51840c4b2f86d",
                "sha256:19264fc964576ddb065368cae953f8d0514ecc6cb3da8903766d9fb9d4554c33",
                "sha256:198908f9b22e2672a998870355e226a725aeab327ac4e6ff3a1399792ece4762",
                "sha256:1de403fc1305fd96cfa75e83be3dee8538f2413a6b1685b8452301c7ba33c294",
                "sha256:20405cb8b13fd779135df23fabadc53b86522d0f1cba8cca0e87968587f50650",
                "sha256:2981c7365a9353f9b5c864595c510c983251b1ab403e05b1ccc70a3d9541a73b",
                "sha256:2c3c1b90ab93fed424e454e93c0ed0b9d552bdf1b0929712b094f5ecfe7a23ad",
                "sha256:39b9d0acaa8d835a6566c640f48b50054f422d03e77e49716d4c4e8e279665a1",
                "sha256:3b64ae304c175671efdaa7ec9ae2cc36996b681eb63ca39c464958396697daff",
                "sha256:4657d24c8063e6095f850b68f2d1ba3b39f2b287a38242dcabc166453e950c59",
                "sha256:4d6dab6124225496010bd22690f2d9bd35c7cbb267b3f14e7a3eb05c911325d4",
                "sha256:55260032b95c49bee69a423c2f5365baa9369d2f7d233e933564d8a47b893027",
                "sha256:55697ecec192bc3f2f3cc13a295ab670f51de29884ca9ae6cd6247df55df2502",
                "sha256:5841dd1f284bd1b3d8a6eca3a7f062b06f1eec09b184397e1d1d43447e89a7ae",
                "sha256:58b1041e7c870bb30ee41d3090cbd6f0851f30ae4eb68228955d973d3efa2e61",
                "sha256:5e42634a989c3aa6049f132266faf6b949ec2a6f7d302dbb5c15395b77d757eb",
                "sha256:5e56462b05a6f860b72f0fa50dca06d5b26543a4e88d0396259a07dc30f4e5aa",
                "sha256:5f8b75f64d5d324c565b263c67dbe4f0af595635bbdd93bb1a88189fc62ed2e5",
                "sha256:62b4e6eb7bf901719fce0ca83e3ed474ae5022bb3827b0a501e056458c51c0a1",
                "sha256:6503b64c8b2dfad299749cad1b595c650c91e5b2c8a1b775380fcf8d2cbba1e9",
                "sha256:6c024ffc22d6dc59000faf8ad781696d81e8e38f4078cb0f2630b4a3cf231a90",
                "sha256:73819689c169417a4f978e562d24f2def2be75739c4bed1992435d007819da1b",
                "sha256:75dbbf415026d2862192fe1b28d71f209e2fd87079d98470db90bebe57b33179",
                "sha256:8caee47e970b92b3dd948371230fcceb80d3f2277b3bf7fbd7c0564e7d39068e",
                "sha256:8d51dd1c59d5fa0f34266b80a3805ec29a1f26425c2a54736133f6d87fc4968a",
                "sha256:940e3ec884520155f68a3b712d045e077d61c520a195d1a5932c531f11883489",
                "sha256:a011ac6c03cfe162ff2b727bcb530567826cec85eb8d4ad2bfb4bd023287a52d",
                "sha256:a3a035c37ce7565b8f4f35ff683a4db34d24e53dc487e47438e434eb3f701b2a",
                "sha256:a5e771d0252e871ce194d0fdcafd13971f1aae0ddacc5f25615030d5df55c3a2",
                "sha256:ac15b6c2c80a4d1338b04d42a02d376a53395ddf0ec9ab157cbaf44191f3ffdd",
                "sha256:b1a82e0b9b3022799c336e1fc0f6210adc019ae84efb7321d668129d28ee1efb",
                "sha256:bac71b4b28bc9af61efcdc7630b166440bbfbaa80940c9a697271b5e1dabbc61",
                "sha256:bbc5b1d78a7822b0a84c6f8917faa986c1a744e65d762ef6d8be9d75677af2ca",
                "sha256:c1a786ac592b47573a5bb7e35665c08064a5d77ab88a076eec11f8ae86b3e3f6",
                "sha256:c84ad903d0d94311a2b7eea608da163dace97c5fe9412ea311e72c3684925602",
                "sha256:d4d29cc612e1332237877dfa7fe687157973aab1d63bd0f84cf06692f04c0367",
                "sha256:e3d9f8d1221baa0ced7ec7322a981e28deb23749c76eeeb3d33e18b72935ab62",
                "sha256:e7cd5c1325f6808b8ae31657d281aadb2a51ac11ab081ae335f4f7fc44c1721d",
                "sha256:ed6091fa0adcc7e4ff944090cf203a52da35c37a130efa564ded02b7aff63bcd",
                "sha256:ee73a2f5ca4ba44fa33b4d7d2c71e2c8a9e9f78d53f6507ad68e7d2ad5f64a22",
                "sha256:f10193c69fc9d3d726e83bbf0f3d316f1847c3071c8c93d8090cf5f326b14309"
            ],
            "markers": "python_version >= '3.8'",
            "version": "==1.64.1"
        },
        "grpcio-tools": {
            "hashes": [
                "sha256:0a72a2d87529329117fca6493d948489f1963e3f645d27a785a27b54b05c38cb",
                "sha256:0d3572b62453342f4164cb245c434053c6991ee7bf883eb94f15e45f3121967b",
                "sha256:1c0db41e812e1741b59844c71c8dfc8c3076eb4472b4c30165aefacf609c81bf",
                "sha256:1f467bd03d70de23e7d68d3465fd9bfd5167d15168a569edacee730b4ec105bf",
                "sha256:22efb9a167da6fd051c76f1a00c4275b5d15e8b7842364c84dc4cc88def8fd4c",
                "sha256:23e6c847647e338b6ed139c7d10ed783dbb37d8ce078ce9ab0a3f7e6a518ff4e",
                "sha256:23eef1138065edf360ed649381cf1d9c9123b3a8c003a4b28bf0c4a5b025087a",
                "sha256:24340327f7fb85f7406910c9484f98dd9588bdf639578b9341920d67f64306a0",
                "sha256:35efe38dd8cc5e05f44e67bcc2ae40f461862549b5d2590c1b644c5d4d93c390",
                "sha256:37664461c8da4777c78772f79914ddd59914a4c1dc0bdd11ba86b569477a9d25",
                "sha256:3cc3036589e416cf8516802d3e6c37fd7de1b6c4defc292a1859848515c67ab5",
                "sha256:4a75c8f13762dc323b38e8dc7186d80a61c0d1321062850e3056221a4db779a4",
                "sha256:5532fbac9e1229d3290a512d4253bd311ed742d3b77d634ce7240e97b4af32ac",
                "sha256:58eee15287eb54d1ba27d4e73fcd7e7a9f819e529a74dabc9cf3933fbe3bef07",
                "sha256:59db889e5f698e00ea65032d3fddbfdbec72b22b285a57c167fb7a48bce2ca27",
                "sha256:5ecfecf1da38fa9f0f95dd5f3314c04974be5af40264c520fbc1a9f4f5b1acca",
                "sha256:625cc1493d4672af90d23f9909bbc0c4041cfa9fa21f9228abe433f5ad9b356f",
                "sha256:646828eec31218e1314b04d7c62c78534d3478cae6348909b6a39ee880a757b2",
                "sha256:6711f3e3fbfae9313e15f9abc47241d881772f3fb4e4d0257918bff24363139e",
                "sha256:6c8181318e3a21827c2f834fd0505040aa8f24fb568a154ff1c95c9802c0e3f5",
                "sha256:6cef267289e3a1257ef79c399a4a244a2b508c4f8d28faf9b061983187b8c2ff",
                "sha256:72b3550b91adb8354656ecf0f6d1d4611299044bae11fb1e7cc1d1bb66b8c1eb",
                "sha256:759982ba0f942995bf170386559679b9d9f3b00caf103f346f3c33b8703c3057",
                "sha256:7e67903fba7b122cad7e41b1347c71f2d8e484f51f5c91cacc52249b4ab274bf",
                "sha256:85808e3c020d6e08975be00521ec8841885740ffd84a48375305fe7198d8b9e5",
                "sha256:8c7d0633b1177fafaeb76e9b0c7b8b14221eb1086874a79925879b298843f8a0",
                "sha256:984ed040f13efcede72c4dfb298274df3877573ca305f51f5cb24249463d6a77",
                "sha256:9d3fd5f43503ac594872ad4deb80c08353a3d73c9304afe0226bcb077d5dacca",
                "sha256:a078af44be25363f55cbedc33c560513f2b2928a0594c8069da0bc65917ef1a1",
                "sha256:a29163cbc6ecaf6f853711420ddab7e35f24d9ee014a5e35b0a6b31c328d1c63",
                "sha256:a5208855046a338c5663ca39f59fb167e24514f1287c266db42fbf2057373aa0",
                "sha256:a653002b287accf79b0924bb1a76b33ea83774be57cef14e6ec383a965999ad5",
                "sha256:a808aaa308e26fc5026b15008aec45bea8aa2f2662989cbaffa300601ac98fae",
                "sha256:a8fb6a4438ef1ce619bd6695799b0a06c049a0be3e10ecf0b5fc5d72929a9f02",
                "sha256:acf9a8bce188bb760c138327a89f64be8bbeb062634d151c77bbcd138d60bdc6",
                "sha256:b740e136a12a992c3c75dafe12d96c65e9249daa71e6b75f17aac5459c64f165",
                "sha256:ba0758d779bc2134219c9ee392d7d30a7ff7f788fd68bf4f56bb4a0213e5d2e4",
                "sha256:be39db97d13f3bd0b2ff9bf8d0e68f590f4877cf2c4db201a2f9d4d39724e137",
                "sha256:c8cb5567cd5836b29d37ea12c8ccb753a19712ec459c4dbc05c084ca57b84b3b",
                "sha256:cf3fbad6312bb61f48eab8ae5d2b31dcb007653282d5901982e17111773104e1",
                "sha256:d0f42307f951851894a1ddcbed2e2403fdb0ac0920bbb4ec5c80a2959a1d328d",
                "sha256:d9a470f9e72bccc8994b025fa40cb1a7202db17a5f8e1869f4c2079ded869ac2",
                "sha256:e28cfaede2a243452252c94b72378f1d939b786689cb11d218fdae6a8421940f",
                "sha256:e8ffaa1972e64d968a706c954f6614e718abd10068b107727028ffb9506503d2",
                "sha256:fd4a596ec2b34c8a6b15c6581ef7ea91c9b85f68099004da656db79e5a2b7a8c",
                "sha256:ff9b631788573bfbecfe8cb647d484dfac9cfbad4a7bb640a9e5dcfb24a1b3c5"
            ],
            "index": "pypi",
            "markers": "python_version >= '3.8'",
            "version": "==1.64.1"
        },
        "idna": {
            "hashes": [
                "sha256:028ff3aadf0609c1fd278d8ea3089299412a7a8b9bd005dd08b9f8285bcb5cfc",
                "sha256:82fee1fc78add43492d3a1898bfa6d8a904cc97d8427f683ed8e798d07761aa0"
            ],
            "markers": "python_version >= '3.5'",
            "version": "==3.7"
        },
        "importlib-metadata": {
            "hashes": [
                "sha256:15584cf2b1bf449d98ff8a6ff1abef57bf20f3ac6454f431736cd3e660921b2f",
                "sha256:188bd24e4c346d3f0a933f275c2fec67050326a856b9a359881d7c2a697e8812"
            ],
            "markers": "python_version >= '3.8'",
            "version": "==8.0.0"
        },
        "iniconfig": {
            "hashes": [
                "sha256:2d91e135bf72d31a410b17c16da610a82cb55f6b0477d1a902134b24a455b8b3",
                "sha256:b6a85871a79d2e3b22d2d1b94ac2824226a63c6b741c88f7ae975f18b6778374"
            ],
            "markers": "python_version >= '3.7'",
            "version": "==2.0.0"
        },
        "jaraco.classes": {
            "hashes": [
                "sha256:47a024b51d0239c0dd8c8540c6c7f484be3b8fcf0b2d85c13825780d3b3f3acd",
                "sha256:f662826b6bed8cace05e7ff873ce0f9283b5c924470fe664fff1c2f00f581790"
            ],
            "markers": "python_version >= '3.8'",
            "version": "==3.4.0"
        },
        "jaraco.context": {
            "hashes": [
                "sha256:3e16388f7da43d384a1a7cd3452e72e14732ac9fe459678773a3608a812bf266",
                "sha256:c2f67165ce1f9be20f32f650f25d8edfc1646a8aeee48ae06fb35f90763576d2"
            ],
            "markers": "python_version >= '3.8'",
            "version": "==5.3.0"
        },
        "jaraco.functools": {
            "hashes": [
                "sha256:3b24ccb921d6b593bdceb56ce14799204f473976e2a9d4b15b04d0f2c2326664",
                "sha256:d33fa765374c0611b52f8b3a795f8900869aa88c84769d4d1746cd68fb28c3e8"
            ],
            "markers": "python_version >= '3.8'",
            "version": "==4.0.1"
        },
        "keyring": {
            "hashes": [
                "sha256:2458681cdefc0dbc0b7eb6cf75d0b98e59f9ad9b2d4edd319d18f68bdca95e50",
                "sha256:daaffd42dbda25ddafb1ad5fec4024e5bbcfe424597ca1ca452b299861e49f1b"
            ],
            "markers": "python_version >= '3.8'",
            "version": "==25.2.1"
        },
        "markdown-it-py": {
            "hashes": [
                "sha256:355216845c60bd96232cd8d8c40e8f9765cc86f46880e43a8fd22dc1a1a8cab1",
                "sha256:e3f60a94fa066dc52ec76661e37c851cb232d92f9886b15cb560aaada2df8feb"
            ],
            "markers": "python_version >= '3.8'",
            "version": "==3.0.0"
        },
        "mdurl": {
            "hashes": [
                "sha256:84008a41e51615a49fc9966191ff91509e3c40b939176e643fd50a5c2196b8f8",
                "sha256:bb413d29f5eea38f31dd4754dd7377d4465116fb207585f97bf925588687c1ba"
            ],
            "markers": "python_version >= '3.7'",
            "version": "==0.1.2"
        },
        "more-itertools": {
            "hashes": [
                "sha256:e5d93ef411224fbcef366a6e8ddc4c5781bc6359d43412a65dd5964e46111463",
                "sha256:ea6a02e24a9161e51faad17a8782b92a0df82c12c1c8886fec7f0c3fa1a1b320"
            ],
            "markers": "python_version >= '3.8'",
            "version": "==10.3.0"
        },
        "mypy": {
            "hashes": [
                "sha256:0cd62192a4a32b77ceb31272d9e74d23cd88c8060c34d1d3622db3267679a5d9",
                "sha256:1b3a2ffce52cc4dbaeee4df762f20a2905aa171ef157b82192f2e2f368eec05d",
                "sha256:1f8f492d7db9e3593ef42d4f115f04e556130f2819ad33ab84551403e97dd4c0",
                "sha256:2189ff1e39db399f08205e22a797383613ce1cb0cb3b13d8bcf0170e45b96cc3",
                "sha256:378c03f53f10bbdd55ca94e46ec3ba255279706a6aacaecac52ad248f98205d3",
                "sha256:37fd87cab83f09842653f08de066ee68f1182b9b5282e4634cdb4b407266bade",
                "sha256:3c4c2992f6ea46ff7fce0072642cfb62af7a2484efe69017ed8b095f7b39ef31",
                "sha256:51a46974340baaa4145363b9e051812a2446cf583dfaeba124af966fa44593f7",
                "sha256:5bb9cd11c01c8606a9d0b83ffa91d0b236a0e91bc4126d9ba9ce62906ada868e",
                "sha256:5cc3ca0a244eb9a5249c7c583ad9a7e881aa5d7b73c35652296ddcdb33b2b9c7",
                "sha256:604282c886497645ffb87b8f35a57ec773a4a2721161e709a4422c1636ddde5c",
                "sha256:6166a88b15f1759f94a46fa474c7b1b05d134b1b61fca627dd7335454cc9aa6b",
                "sha256:6bacf8f3a3d7d849f40ca6caea5c055122efe70e81480c8328ad29c55c69e93e",
                "sha256:6be84c06e6abd72f960ba9a71561c14137a583093ffcf9bbfaf5e613d63fa531",
                "sha256:701b5f71413f1e9855566a34d6e9d12624e9e0a8818a5704d74d6b0402e66c04",
                "sha256:71d8ac0b906354ebda8ef1673e5fde785936ac1f29ff6987c7483cfbd5a4235a",
                "sha256:8addf6313777dbb92e9564c5d32ec122bf2c6c39d683ea64de6a1fd98b90fe37",
                "sha256:901c89c2d67bba57aaaca91ccdb659aa3a312de67f23b9dfb059727cce2e2e0a",
                "sha256:97a131ee36ac37ce9581f4220311247ab6cba896b4395b9c87af0675a13a755f",
                "sha256:a1bbb3a6f5ff319d2b9d40b4080d46cd639abe3516d5a62c070cf0114a457d84",
                "sha256:a2cbc68cb9e943ac0814c13e2452d2046c2f2b23ff0278e26599224cf164e78d",
                "sha256:b8edd4e9bbbc9d7b79502eb9592cab808585516ae1bcc1446eb9122656c6066f",
                "sha256:bd6f629b67bb43dc0d9211ee98b96d8dabc97b1ad38b9b25f5e4c4d7569a0c6a",
                "sha256:c2ae450d60d7d020d67ab440c6e3fae375809988119817214440033f26ddf7bf",
                "sha256:d8681909f7b44d0b7b86e653ca152d6dff0eb5eb41694e163c6092124f8246d7",
                "sha256:e36f229acfe250dc660790840916eb49726c928e8ce10fbdf90715090fe4ae02",
                "sha256:fe85ed6836165d52ae8b88f99527d3d1b2362e0cb90b005409b8bed90e9059b3"
            ],
            "index": "pypi",
            "markers": "python_version >= '3.8'",
            "version": "==1.10.1"
        },
        "mypy-extensions": {
            "hashes": [
                "sha256:4392f6c0eb8a5668a69e23d168ffa70f0be9ccfd32b5cc2d26a34ae5b844552d",
                "sha256:75dbf8955dc00442a438fc4d0666508a9a97b6bd41aa2f0ffe9d2f2725af0782"
            ],
            "markers": "python_version >= '3.5'",
            "version": "==1.0.0"
        },
        "mypy-protobuf": {
            "hashes": [
                "sha256:02f242eb3409f66889f2b1a3aa58356ec4d909cdd0f93115622e9e70366eca3c",
                "sha256:56176e4d569070e7350ea620262478b49b7efceba4103d468448f1d21492fd6c"
            ],
            "index": "pypi",
            "markers": "python_version >= '3.8'",
            "version": "==3.6.0"
        },
        "nh3": {
            "hashes": [
                "sha256:0411beb0589eacb6734f28d5497ca2ed379eafab8ad8c84b31bb5c34072b7164",
                "sha256:14c5a72e9fe82aea5fe3072116ad4661af5cf8e8ff8fc5ad3450f123e4925e86",
                "sha256:19aaba96e0f795bd0a6c56291495ff59364f4300d4a39b29a0abc9cb3774a84b",
                "sha256:34c03fa78e328c691f982b7c03d4423bdfd7da69cd707fe572f544cf74ac23ad",
                "sha256:36c95d4b70530b320b365659bb5034341316e6a9b30f0b25fa9c9eff4c27a204",
                "sha256:3a157ab149e591bb638a55c8c6bcb8cdb559c8b12c13a8affaba6cedfe51713a",
                "sha256:42c64511469005058cd17cc1537578eac40ae9f7200bedcfd1fc1a05f4f8c200",
                "sha256:5f36b271dae35c465ef5e9090e1fdaba4a60a56f0bb0ba03e0932a66f28b9189",
                "sha256:6955369e4d9f48f41e3f238a9e60f9410645db7e07435e62c6a9ea6135a4907f",
                "sha256:7b7c2a3c9eb1a827d42539aa64091640bd275b81e097cd1d8d82ef91ffa2e811",
                "sha256:8ce0f819d2f1933953fca255db2471ad58184a60508f03e6285e5114b6254844",
                "sha256:94a166927e53972a9698af9542ace4e38b9de50c34352b962f4d9a7d4c927af4",
                "sha256:a7f1b5b2c15866f2db413a3649a8fe4fd7b428ae58be2c0f6bca5eefd53ca2be",
                "sha256:c8b3a1cebcba9b3669ed1a84cc65bf005728d2f0bc1ed2a6594a992e817f3a50",
                "sha256:de3ceed6e661954871d6cd78b410213bdcb136f79aafe22aa7182e028b8c7307",
                "sha256:f0eca9ca8628dbb4e916ae2491d72957fdd35f7a5d326b7032a345f111ac07fe"
            ],
            "version": "==0.2.18"
        },
        "packaging": {
            "hashes": [
                "sha256:026ed72c8ed3fcce5bf8950572258698927fd1dbda10a5e981cdf0ac37f4f002",
                "sha256:5b8f2217dbdbd2f7f384c41c628544e6d52f2d0f53c6d0c3ea61aa5d1d7ff124"
            ],
            "markers": "python_version >= '3.8'",
            "version": "==24.1"
        },
        "pkginfo": {
            "hashes": [
                "sha256:5df73835398d10db79f8eecd5cd86b1f6d29317589ea70796994d49399af6297",
                "sha256:889a6da2ed7ffc58ab5b900d888ddce90bce912f2d2de1dc1c26f4cb9fe65097"
            ],
            "markers": "python_version >= '3.6'",
            "version": "==1.10.0"
        },
        "pluggy": {
            "hashes": [
                "sha256:2cffa88e94fdc978c4c574f15f9e59b7f4201d439195c3715ca9e2486f1d0cf1",
                "sha256:44e1ad92c8ca002de6377e165f3e0f1be63266ab4d554740532335b9d75ea669"
            ],
            "markers": "python_version >= '3.8'",
            "version": "==1.5.0"
        },
        "protobuf": {
            "hashes": [
                "sha256:19b270aeaa0099f16d3ca02628546b8baefe2955bbe23224aaf856134eccf1e4",
                "sha256:209ba4cc916bab46f64e56b85b090607a676f66b473e6b762e6f1d9d591eb2e8",
                "sha256:25b5d0b42fd000320bd7830b349e3b696435f3b329810427a6bcce6a5492cc5c",
                "sha256:7c8daa26095f82482307bc717364e7c13f4f1c99659be82890dcfc215194554d",
                "sha256:c053062984e61144385022e53678fbded7aea14ebb3e0305ae3592fb219ccfa4",
                "sha256:d4198877797a83cbfe9bffa3803602bbe1625dc30d8a097365dbc762e5790faa",
                "sha256:e3c97a1555fd6388f857770ff8b9703083de6bf1f9274a002a332d65fbb56c8c",
                "sha256:e7cb0ae90dd83727f0c0718634ed56837bfeeee29a5f82a7514c03ee1364c019",
                "sha256:f0700d54bcf45424477e46a9f0944155b46fb0639d69728739c0e47bab83f2b9",
                "sha256:f1279ab38ecbfae7e456a108c5c0681e4956d5b1090027c1de0f934dfdb4b35c",
                "sha256:f4f118245c4a087776e0a8408be33cf09f6c547442c00395fbfb116fac2f8ac2"
            ],
            "markers": "python_version >= '3.8'",
            "version": "==4.25.3"
        },
        "pygments": {
            "hashes": [
                "sha256:786ff802f32e91311bff3889f6e9a86e81505fe99f2735bb6d60ae0c5004f199",
                "sha256:b8e6aca0523f3ab76fee51799c488e38782ac06eafcf95e7ba832985c8e7b13a"
            ],
            "markers": "python_version >= '3.8'",
            "version": "==2.18.0"
        },
        "pyproject-hooks": {
            "hashes": [
                "sha256:4b37730834edbd6bd37f26ece6b44802fb1c1ee2ece0e54ddff8bfc06db86965",
                "sha256:7ceeefe9aec63a1064c18d939bdc3adf2d8aa1988a510afec15151578b232aa2"
            ],
            "markers": "python_version >= '3.7'",
            "version": "==1.1.0"
        },
        "pytest": {
            "hashes": [
                "sha256:c434598117762e2bd304e526244f67bf66bbd7b5d6cf22138be51ff661980343",
                "sha256:de4bb8104e201939ccdc688b27a89a7be2079b22e2bd2b07f806b6ba71117977"
            ],
            "index": "pypi",
            "markers": "python_version >= '3.8'",
            "version": "==8.2.2"
        },
        "readme-renderer": {
            "hashes": [
                "sha256:2fbca89b81a08526aadf1357a8c2ae889ec05fb03f5da67f9769c9a592166151",
                "sha256:8712034eabbfa6805cacf1402b4eeb2a73028f72d1166d6f5cb7f9c047c5d1e1"
            ],
            "markers": "python_version >= '3.9'",
            "version": "==44.0"
        },
        "requests": {
            "hashes": [
                "sha256:55365417734eb18255590a9ff9eb97e9e1da868d4ccd6402399eaf68af20a760",
                "sha256:70761cfe03c773ceb22aa2f671b4757976145175cdfca038c02654d061d6dcc6"
            ],
            "markers": "python_version >= '3.8'",
            "version": "==2.32.3"
        },
        "requests-toolbelt": {
            "hashes": [
                "sha256:7681a0a3d047012b5bdc0ee37d7f8f07ebe76ab08caeccfc3921ce23c88d5bc6",
                "sha256:cccfdd665f0a24fcf4726e690f65639d272bb0637b9b92dfd91a5568ccf6bd06"
            ],
            "markers": "python_version >= '2.7' and python_version not in '3.0, 3.1, 3.2, 3.3'",
            "version": "==1.0.0"
        },
        "rfc3986": {
            "hashes": [
                "sha256:50b1502b60e289cb37883f3dfd34532b8873c7de9f49bb546641ce9cbd256ebd",
                "sha256:97aacf9dbd4bfd829baad6e6309fa6573aaf1be3f6fa735c8ab05e46cecb261c"
            ],
            "markers": "python_version >= '3.7'",
            "version": "==2.0.0"
        },
        "rich": {
            "hashes": [
                "sha256:4edbae314f59eb482f54e9e30bf00d33350aaa94f4bfcd4e9e3110e64d0d7222",
                "sha256:9be308cb1fe2f1f57d67ce99e95af38a1e2bc71ad9813b0e247cf7ffbcc3a432"
            ],
            "markers": "python_full_version >= '3.7.0'",
            "version": "==13.7.1"
        },
        "ruff": {
            "hashes": [
                "sha256:204fb0a472f00f2e6280a7c8c7c066e11e20e23a37557d63045bf27a616ba61c",
                "sha256:2875b7596a740cbbd492f32d24be73e545a4ce0a3daf51e4f4e609962bfd3cd2",
                "sha256:3164488aebd89b1745b47fd00604fb4358d774465f20d1fcd907f9c0fc1b0655",
                "sha256:38beace10b8d5f9b6bdc91619310af6d63dd2019f3fb2d17a2da26360d7962fa",
                "sha256:3a9a9a1b582e37669b0138b7c1d9d60b9edac880b80eb2baba6d0e566bdeca4d",
                "sha256:5c441d9c24ec09e1cb190a04535c5379b36b73c4bc20aa180c54812c27d1cca4",
                "sha256:5e478d2f09cf06add143cf8c4540ef77b6599191e0c50ed976582f06e588c994",
                "sha256:6ecf968fcf94d942d42b700af18ede94b07521bd188aaf2cd7bc898dd8cb63b6",
                "sha256:b1789bf2cd3d1b5a7d38397cac1398ddf3ad7f73f4de01b1e913e2abc7dfc51d",
                "sha256:bac6288e82f6296f82ed5285f597713acb2a6ae26618ffc6b429c597b392535c",
                "sha256:bdd9f723e16003623423affabcc0a807a66552ee6a29f90eddad87a40c750b78",
                "sha256:be9fd62c1e99539da05fcdc1e90d20f74aec1b7a1613463ed77870057cd6bd96",
                "sha256:c4c2112e9883a40967827d5c24803525145e7dab315497fae149764979ac7929",
                "sha256:d235968460e8758d1e1297e1de59a38d94102f60cafb4d5382033c324404ee9d",
                "sha256:d7ceb9b2fe700ee09a0c6b192c5ef03c56eb82a0514218d8ff700f6ade004108",
                "sha256:dfaf11c8a116394da3b65cd4b36de30d8552fa45b8119b9ef5ca6638ab964fa3",
                "sha256:e216fc75a80ea1fbd96af94a6233d90190d5b65cc3d5dfacf2bd48c3e067d3e1",
                "sha256:f0368d765eec8247b8550251c49ebb20554cc4e812f383ff9f5bf0d5d94190b0"
            ],
            "index": "pypi",
            "markers": "python_version >= '3.7'",
            "version": "==0.5.1"
        },
        "setuptools": {
            "hashes": [
                "sha256:b8b8060bb426838fbe942479c90296ce976249451118ef566a5a0b7d8b78fb05",
                "sha256:bd63e505105011b25c3c11f753f7e3b8465ea739efddaccef8f0efac2137bac1"
            ],
            "markers": "python_version >= '3.8'",
            "version": "==70.2.0"
        },
        "tomli": {
            "hashes": [
                "sha256:939de3e7a6161af0c887ef91b7d41a53e7c5a1ca976325f429cb46ea9bc30ecc",
                "sha256:de526c12914f0c550d15924c62d72abc48d6fe7364aa87328337a31007fe8a4f"
            ],
            "index": "pypi",
            "markers": "python_version >= '3.7'",
            "version": "==2.0.1"
        },
        "twine": {
            "hashes": [
                "sha256:215dbe7b4b94c2c50a7315c0275d2258399280fbb7d04182c7e55e24b5f93997",
                "sha256:9aa0825139c02b3434d913545c7b847a21c835e11597f5255842d457da2322db"
            ],
            "index": "pypi",
            "markers": "python_version >= '3.8'",
            "version": "==5.1.1"
        },
        "types-protobuf": {
            "hashes": [
                "sha256:683ba14043bade6785e3f937a7498f243b37881a91ac8d81b9202ecf8b191e9c",
                "sha256:688e8f7e8d9295db26bc560df01fb731b27a25b77cbe4c1ce945647f7024f5c1"
            ],
            "index": "pypi",
            "markers": "python_version >= '3.8'",
            "version": "==5.27.0.20240626"
        },
        "typing-extensions": {
            "hashes": [
                "sha256:04e5ca0351e0f3f85c6853954072df659d0d13fac324d0072316b67d7794700d",
                "sha256:1a7ead55c7e559dd4dee8856e3a88b41225abfe1ce8df57b7c13915fe121ffb8"
            ],
            "markers": "python_version >= '3.8'",
            "version": "==4.12.2"
        },
        "urllib3": {
            "hashes": [
                "sha256:a448b2f64d686155468037e1ace9f2d2199776e17f0a46610480d311f73e3472",
                "sha256:dd505485549a7a552833da5e6063639d0d177c04f23bc3864e41e5dc5f612168"
            ],
            "markers": "python_version >= '3.8'",
            "version": "==2.2.2"
        },
        "zipp": {
            "hashes": [
                "sha256:bf1dcf6450f873a13e952a29504887c89e6de7506209e5b1bcc3460135d4de19",
                "sha256:f091755f667055f2d02b32c53771a7a6c8b47e1fdbc4b72a8b9072b3eef8015c"
            ],
            "markers": "python_version >= '3.8'",
            "version": "==3.19.2"
        }
    }
}
